
Microsoft Visual Studio Solution File, Format Version 12.00
Project("{FAE04EC0-301F-11D3-BF4B-00C04F79EFBC}") = "ToDoApp", "ToDoApp\ToDoApp.csproj", "{0A9E896D-42F1-40A3-921E-3D21201982C6}"
EndProject
Project("{FAE04EC0-301F-11D3-BF4B-00C04F79EFBC}") = "ToDoAppTests", "ToDoAppTests\ToDoAppTests.csproj", "{EE5D35D2-73C6-4B9F-949F-1F91A4834A99}"
EndProject
Global
	GlobalSection(SolutionConfigurationPlatforms) = preSolution
		Debug|Any CPU = Debug|Any CPU
		Release|Any CPU = Release|Any CPU
	EndGlobalSection
	GlobalSection(ProjectConfigurationPlatforms) = postSolution
		{0A9E896D-42F1-40A3-921E-3D21201982C6}.Debug|Any CPU.ActiveCfg = Debug|Any CPU
		{0A9E896D-42F1-40A3-921E-3D21201982C6}.Debug|Any CPU.Build.0 = Debug|Any CPU
		{0A9E896D-42F1-40A3-921E-3D21201982C6}.Release|Any CPU.ActiveCfg = Release|Any CPU
		{0A9E896D-42F1-40A3-921E-3D21201982C6}.Release|Any CPU.Build.0 = Release|Any CPU
		{EE5D35D2-73C6-4B9F-949F-1F91A4834A99}.Debug|Any CPU.ActiveCfg = Debug|Any CPU
		{EE5D35D2-73C6-4B9F-949F-1F91A4834A99}.Debug|Any CPU.Build.0 = Debug|Any CPU
		{EE5D35D2-73C6-4B9F-949F-1F91A4834A99}.Release|Any CPU.ActiveCfg = Release|Any CPU
		{EE5D35D2-73C6-4B9F-949F-1F91A4834A99}.Release|Any CPU.Build.0 = Release|Any CPU
	EndGlobalSection
EndGlobal
